
Microsoft Visual Studio Solution File, Format Version 12.00
# Visual Studio Version 17
VisualStudioVersion = 17.10.34928.147
MinimumVisualStudioVersion = 10.0.40219.1
Project("{9092AA53-FB77-4645-B42D-1CCCA6BD08BD}") = "NodejsTask1", "NodejsTask1.njsproj", "{CE8B29D1-C8CC-4473-9428-D7ECB72E4008}"
EndProject
Global
	GlobalSection(SolutionConfigurationPlatforms) = preSolution
		Debug|Any CPU = Debug|Any CPU
		Release|Any CPU = Release|Any CPU
	EndGlobalSection
	GlobalSection(ProjectConfigurationPlatforms) = postSolution
		{CE8B29D1-C8CC-4473-9428-D7ECB72E4008}.Debug|Any CPU.ActiveCfg = Debug|Any CPU
		{CE8B29D1-C8CC-4473-9428-D7ECB72E4008}.Debug|Any CPU.Build.0 = Debug|Any CPU
		{CE8B29D1-C8CC-4473-9428-D7ECB72E4008}.Release|Any CPU.ActiveCfg = Release|Any CPU
		{CE8B29D1-C8CC-4473-9428-D7ECB72E4008}.Release|Any CPU.Build.0 = Release|Any CPU
	EndGlobalSection
	GlobalSection(SolutionProperties) = preSolution
		HideSolutionNode = FALSE
	EndGlobalSection
	GlobalSection(ExtensibilityGlobals) = postSolution
		SolutionGuid = {6C4FC3CC-262D-41F1-ADEB-268A2A75AF5F}
	EndGlobalSection
EndGlobal
